
Microsoft Visual Studio Solution File, Format Version 12.00
# Visual Studio Version 17
VisualStudioVersion = 17.4.33205.214
MinimumVisualStudioVersion = 10.0.40219.1
Project("{2150E333-8FDC-42A3-9474-1A3956D46DE8}") = "Core", "Core", "{C6786439-2A6B-4805-83BA-B98D57F28789}"
EndProject
Project("{2150E333-8FDC-42A3-9474-1A3956D46DE8}") = "Infrastructure", "Infrastructure", "{2258A4EE-A9DD-45E5-9619-A56ABEC8C2D9}"
EndProject
Project("{2150E333-8FDC-42A3-9474-1A3956D46DE8}") = "API", "API", "{62200130-D4E5-4405-8E42-0A9254ADD1E8}"
EndProject
Project("{FAE04EC0-301F-11D3-BF4B-00C04F79EFBC}") = "GloboDelivery.Domain", "GloboDelivery.Domain\GloboDelivery.Domain.csproj", "{6F17A5B0-2132-41A0-9804-9AE55B8E73A9}"
EndProject
Project("{FAE04EC0-301F-11D3-BF4B-00C04F79EFBC}") = "GloboDelivery.Application", "GloboDelivery.Application\GloboDelivery.Application.csproj", "{913216CA-2B68-4235-BF51-AE4EBE19C826}"
EndProject
Project("{FAE04EC0-301F-11D3-BF4B-00C04F79EFBC}") = "GloboDelivery.Persistence", "GloboDelivery.Persistence\GloboDelivery.Persistence.csproj", "{79E53E1D-3452-4870-9031-9017636B0D06}"
EndProject
Project("{FAE04EC0-301F-11D3-BF4B-00C04F79EFBC}") = "GloboDelivery.API", "GloboDelivery.API\GloboDelivery.API.csproj", "{8BF29770-967D-4669-A314-18943AFA9F19}"
EndProject
Global
	GlobalSection(SolutionConfigurationPlatforms) = preSolution
		Debug|Any CPU = Debug|Any CPU
		Release|Any CPU = Release|Any CPU
	EndGlobalSection
	GlobalSection(ProjectConfigurationPlatforms) = postSolution
		{6F17A5B0-2132-41A0-9804-9AE55B8E73A9}.Debug|Any CPU.ActiveCfg = Debug|Any CPU
		{6F17A5B0-2132-41A0-9804-9AE55B8E73A9}.Debug|Any CPU.Build.0 = Debug|Any CPU
		{6F17A5B0-2132-41A0-9804-9AE55B8E73A9}.Release|Any CPU.ActiveCfg = Release|Any CPU
		{6F17A5B0-2132-41A0-9804-9AE55B8E73A9}.Release|Any CPU.Build.0 = Release|Any CPU
		{913216CA-2B68-4235-BF51-AE4EBE19C826}.Debug|Any CPU.ActiveCfg = Debug|Any CPU
		{913216CA-2B68-4235-BF51-AE4EBE19C826}.Debug|Any CPU.Build.0 = Debug|Any CPU
		{913216CA-2B68-4235-BF51-AE4EBE19C826}.Release|Any CPU.ActiveCfg = Release|Any CPU
		{913216CA-2B68-4235-BF51-AE4EBE19C826}.Release|Any CPU.Build.0 = Release|Any CPU
		{79E53E1D-3452-4870-9031-9017636B0D06}.Debug|Any CPU.ActiveCfg = Debug|Any CPU
		{79E53E1D-3452-4870-9031-9017636B0D06}.Debug|Any CPU.Build.0 = Debug|Any CPU
		{79E53E1D-3452-4870-9031-9017636B0D06}.Release|Any CPU.ActiveCfg = Release|Any CPU
		{79E53E1D-3452-4870-9031-9017636B0D06}.Release|Any CPU.Build.0 = Release|Any CPU
		{8BF29770-967D-4669-A314-18943AFA9F19}.Debug|Any CPU.ActiveCfg = Debug|Any CPU
		{8BF29770-967D-4669-A314-18943AFA9F19}.Debug|Any CPU.Build.0 = Debug|Any CPU
		{8BF29770-967D-4669-A314-18943AFA9F19}.Release|Any CPU.ActiveCfg = Release|Any CPU
		{8BF29770-967D-4669-A314-18943AFA9F19}.Release|Any CPU.Build.0 = Release|Any CPU
	EndGlobalSection
	GlobalSection(SolutionProperties) = preSolution
		HideSolutionNode = FALSE
	EndGlobalSection
	GlobalSection(NestedProjects) = preSolution
		{6F17A5B0-2132-41A0-9804-9AE55B8E73A9} = {C6786439-2A6B-4805-83BA-B98D57F28789}
		{913216CA-2B68-4235-BF51-AE4EBE19C826} = {C6786439-2A6B-4805-83BA-B98D57F28789}
		{79E53E1D-3452-4870-9031-9017636B0D06} = {2258A4EE-A9DD-45E5-9619-A56ABEC8C2D9}
		{8BF29770-967D-4669-A314-18943AFA9F19} = {62200130-D4E5-4405-8E42-0A9254ADD1E8}
	EndGlobalSection
	GlobalSection(ExtensibilityGlobals) = postSolution
		SolutionGuid = {C5D7D877-CF32-4F20-B097-4778497F6D8A}
	EndGlobalSection
EndGlobal
