
Microsoft Visual Studio Solution File, Format Version 12.00
# Visual Studio Version 17
VisualStudioVersion = 17.4.33205.214
MinimumVisualStudioVersion = 10.0.40219.1
Project("{FAE04EC0-301F-11D3-BF4B-00C04F79EFBC}") = "GloboDelivery.IdentityServer", "GloboDelivery.IdentityServer\GloboDelivery.IdentityServer.csproj", "{63EE7F15-407A-4500-A5A2-268AFB7E34F6}"
EndProject
Global
	GlobalSection(SolutionConfigurationPlatforms) = preSolution
		Debug|Any CPU = Debug|Any CPU
		Release|Any CPU = Release|Any CPU
	EndGlobalSection
	GlobalSection(ProjectConfigurationPlatforms) = postSolution
		{63EE7F15-407A-4500-A5A2-268AFB7E34F6}.Debug|Any CPU.ActiveCfg = Debug|Any CPU
		{63EE7F15-407A-4500-A5A2-268AFB7E34F6}.Debug|Any CPU.Build.0 = Debug|Any CPU
		{63EE7F15-407A-4500-A5A2-268AFB7E34F6}.Release|Any CPU.ActiveCfg = Release|Any CPU
		{63EE7F15-407A-4500-A5A2-268AFB7E34F6}.Release|Any CPU.Build.0 = Release|Any CPU
	EndGlobalSection
	GlobalSection(SolutionProperties) = preSolution
		HideSolutionNode = FALSE
	EndGlobalSection
	GlobalSection(ExtensibilityGlobals) = postSolution
		SolutionGuid = {22FC888C-8120-4FDA-8E97-0183A42CA4E3}
	EndGlobalSection
EndGlobal
